
Microsoft Visual Studio Solution File, Format Version 12.00
# Visual Studio Version 16
VisualStudioVersion = 16.0.30804.86
MinimumVisualStudioVersion = 10.0.40219.1
Project("{8BC9CEB8-8B4A-11D0-8D11-00A0C91BC942}") = "topic1", "ITT310-projects.vcxproj", "{D449B931-E0DB-43C0-A266-72BF6A714F0F}"
EndProject
Project("{8BC9CEB8-8B4A-11D0-8D11-00A0C91BC942}") = "Project2", "..\Project2\Project2.vcxproj", "{5DBFC140-47B4-4668-BAEF-84781B688D9E}"
EndProject
Project("{8BC9CEB8-8B4A-11D0-8D11-00A0C91BC942}") = "Milestone", "..\Milestone\Milestone.vcxproj", "{4CD3D396-BB37-4314-8BA0-A946378F053D}"
EndProject
Global
	GlobalSection(SolutionConfigurationPlatforms) = preSolution
		Debug|x64 = Debug|x64
		Debug|x86 = Debug|x86
		Release|x64 = Release|x64
		Release|x86 = Release|x86
	EndGlobalSection
	GlobalSection(ProjectConfigurationPlatforms) = postSolution
		{D449B931-E0DB-43C0-A266-72BF6A714F0F}.Debug|x64.ActiveCfg = Debug|x64
		{D449B931-E0DB-43C0-A266-72BF6A714F0F}.Debug|x64.Build.0 = Debug|x64
		{D449B931-E0DB-43C0-A266-72BF6A714F0F}.Debug|x86.ActiveCfg = Debug|Win32
		{D449B931-E0DB-43C0-A266-72BF6A714F0F}.Debug|x86.Build.0 = Debug|Win32
		{D449B931-E0DB-43C0-A266-72BF6A714F0F}.Release|x64.ActiveCfg = Release|x64
		{D449B931-E0DB-43C0-A266-72BF6A714F0F}.Release|x64.Build.0 = Release|x64
		{D449B931-E0DB-43C0-A266-72BF6A714F0F}.Release|x86.ActiveCfg = Release|Win32
		{D449B931-E0DB-43C0-A266-72BF6A714F0F}.Release|x86.Build.0 = Release|Win32
		{5DBFC140-47B4-4668-BAEF-84781B688D9E}.Debug|x64.ActiveCfg = Debug|x64
		{5DBFC140-47B4-4668-BAEF-84781B688D9E}.Debug|x64.Build.0 = Debug|x64
		{5DBFC140-47B4-4668-BAEF-84781B688D9E}.Debug|x86.ActiveCfg = Debug|Win32
		{5DBFC140-47B4-4668-BAEF-84781B688D9E}.Debug|x86.Build.0 = Debug|Win32
		{5DBFC140-47B4-4668-BAEF-84781B688D9E}.Release|x64.ActiveCfg = Release|x64
		{5DBFC140-47B4-4668-BAEF-84781B688D9E}.Release|x64.Build.0 = Release|x64
		{5DBFC140-47B4-4668-BAEF-84781B688D9E}.Release|x86.ActiveCfg = Release|Win32
		{5DBFC140-47B4-4668-BAEF-84781B688D9E}.Release|x86.Build.0 = Release|Win32
		{4CD3D396-BB37-4314-8BA0-A946378F053D}.Debug|x64.ActiveCfg = Debug|x64
		{4CD3D396-BB37-4314-8BA0-A946378F053D}.Debug|x64.Build.0 = Debug|x64
		{4CD3D396-BB37-4314-8BA0-A946378F053D}.Debug|x86.ActiveCfg = Debug|Win32
		{4CD3D396-BB37-4314-8BA0-A946378F053D}.Debug|x86.Build.0 = Debug|Win32
		{4CD3D396-BB37-4314-8BA0-A946378F053D}.Release|x64.ActiveCfg = Release|x64
		{4CD3D396-BB37-4314-8BA0-A946378F053D}.Release|x64.Build.0 = Release|x64
		{4CD3D396-BB37-4314-8BA0-A946378F053D}.Release|x86.ActiveCfg = Release|Win32
		{4CD3D396-BB37-4314-8BA0-A946378F053D}.Release|x86.Build.0 = Release|Win32
	EndGlobalSection
	GlobalSection(SolutionProperties) = preSolution
		HideSolutionNode = FALSE
	EndGlobalSection
	GlobalSection(ExtensibilityGlobals) = postSolution
		SolutionGuid = {0856694E-BD81-494B-B935-A5AE6F660647}
	EndGlobalSection
EndGlobal
